capnproto.org/go/capnp/v3 v3.0.1-alpha.2 h1:W/cf+XEArUSwcBBE/9wS2NpWDkM5NLQOjmzEiHZpYi0=
capnproto.org/go/capnp/v3 v3.0.1-alpha.2/go.mod h1:2vT5D2dtG8sJGEoEKU17e+j7shdaYp1Myl8X03B3hmc=
github.com/colega/zeropool v0.0.0-20230505084239-6fb4a4f75381 h1:d5EKgQfRQvO97jnISfR89AiCCCJMwMFoSxUiU0OGCRU=
github.com/colega/zeropool v0.0.0-20230505084239-6fb4a4f75381/go.mod h1:OU76gHeRo8xrzGJU3F3I1CqX1ekM8dfJw0+wPeMwnp0=
github.com/davecgh/go-spew v1.1.1 h1:vj9j/u1bqnvCEfJOwUhtlOARqs3+rkHYY13jYWTU97c=
github.com/google/uuid v1.3.0 h1:t6JiXgmwXMjEs8VusXIJk2BXHsn+wx8BZdTaoZ5fu7I=
github.com/google/uuid v1.3.0/go.mod h1:TIyPZe4MgqvfeYDBFedMoGGpEw/LqOeaOT+nhxU+yHo=
github.com/philhofer/fwd v1.1.2 h1:bnDivRJ1EWPjUIRXV5KfORO897HTbpFAQddBdE8t7Gw=
github.com/pmezard/go-difflib v1.0.0 h1:4DBwDE0NGyQoBHbLQYPwSUPoCMWR5BEzIk/f1lZbAQM=
github.com/stretchr/testify v1.9.0 h1:HtqpIVDClZ4nwg75+f6Lvsy/wHu+3BoSGCbBAcpTsTg=
github.com/tinylib/msgp v1.1.9 h1:SHf3yoO2sGA0veCJeCBYLHuttAVFHGm2RHgNodW7wQU=
github.com/tj/assert v0.0.3 h1:Df/BlaZ20mq6kuai7f5z2TvPFiwC3xaWJSDQNiIS3Rk=
github.com/zalf-rpm/mas-infrastructure/capnproto_schemas/gen/go/common v0.0.0-20230412105359-2d45c32db41e h1:ISYIKPllUqI1VJHTzs7rfm2TviFCxgZlxoiw/4SsYdk=
github.com/zalf-rpm/mas-infrastructure/capnproto_schemas/gen/go/common v0.0.0-20230412105359-2d45c32db41e/go.mod h1:jPQ8DMLT56RYktvKcbIWTOmYqIrvLrFuXXne0l9jmK4=
github.com/zalf-rpm/mas-infrastructure/capnproto_schemas/gen/go/fbp v0.0.0-20230713163933-4c7223175aeb h1:xtrmzeAPHpyj6ou47wwZt+2F9Wbw+WrxO/RTAuxM89A=
github.com/zalf-rpm/mas-infrastructure/capnproto_schemas/gen/go/fbp v0.0.0-20230713163933-4c7223175aeb/go.mod h1:UU9BWs72OTK806TYxsE6U3799ZBVULBZF3E7kTGPFxs=
github.com/zalf-rpm/mas-infrastructure/capnproto_schemas/gen/go/geo v0.0.0-20230208160538-deb034d36602 h1:pDcLju8OVQSYMcmteCVDcr7lIxY5M9ZIw+fi7VHMf3E=
github.com/zalf-rpm/mas-infrastructure/capnproto_schemas/gen/go/geo v0.0.0-20230208160538-deb034d36602/go.mod h1:GeZyqGhRI3wr3ufVIgZMbTfZX7HAMLbvYnHX7iz1EAM=
github.com/zalf-rpm/mas-infrastructure/capnproto_schemas/gen/go/grid v0.0.0-20230713163933-4c7223175aeb h1:m1L6uO9z0y6E6UBbP3KoAti+IMcGUJmstr4nWO/fSSs=
github.com/zalf-rpm/mas-infrastructure/capnproto_schemas/gen/go/grid v0.0.0-20230713163933-4c7223175aeb/go.mod h1:27K908s8F7bUGX7diMeHsC6q5j+Cxd/JossUpFA1Cvk=
github.com/zalf-rpm/mas-infrastructure/src/go/commonlib v0.0.0-20230713163933-4c7223175aeb h1:n0Ehrs1mM4dpsyC3Wq66Fo8cmkiYNUzzFOsGOrwfwCo=
github.com/zalf-rpm/mas-infrastructure/src/go/commonlib v0.0.0-20230713163933-4c7223175aeb/go.mod h1:yYhNkFGfKWRUAj6LvB9pIUfh6EiRFHjnsqkqs5ekDc0=
golang.org/x/crypto v0.6.0 h1:qfktjS5LUO+fFKeJXZ+ikTRijMmljikvG68fpMMruSc=
golang.org/x/crypto v0.6.0/go.mod h1:OFC/31mSvZgRz0V1QTNCzfAI1aIRzbiufJtkMIlEp58=
golang.org/x/sync v0.8.0 h1:3NFvSEYkUoMifnESzZl15y791HH1qU2xm6eCJU5ZPXQ=
golang.org/x/sync v0.8.0/go.mod h1:Czt+wKu1gCyEFDUtn0jG5QVvpJ6rzVqr5aXyt9drQfk=
gopkg.in/yaml.v3 v3.0.1 h1:fxVm/GzAzEWqLHuvctI91KS9hhNmmWOoWu0XTYJS7CA=
