
Microsoft Visual Studio Solution File, Format Version 12.00
# Visual Studio Version 16
VisualStudioVersion = 16.0.30114.128
MinimumVisualStudioVersion = 10.0.40219.1
Project("{FAE04EC0-301F-11D3-BF4B-00C04F79EFBC}") = "ServerSide", "ServerSide\ServerSide.csproj", "{86D08776-D4D1-4D91-AB43-6EFF73945412}"
EndProject
Project("{FAE04EC0-301F-11D3-BF4B-00C04F79EFBC}") = "SharedDemo", "SharedDemo\SharedDemo.csproj", "{945434E2-DF2A-4683-90DD-BA5D4327F934}"
EndProject
Project("{FAE04EC0-301F-11D3-BF4B-00C04F79EFBC}") = "BlazorDrawFBP", "BlazorDrawFBP\BlazorDrawFBP.csproj", "{B721C058-94FB-4F18-B982-0C1D937D80CD}"
EndProject
Project("{FAE04EC0-301F-11D3-BF4B-00C04F79EFBC}") = "BlazorComponents", "BlazorComponents\BlazorComponents.csproj", "{531C5E18-6FBF-464C-8695-C3266D36F56A}"
EndProject
Project("{FAE04EC0-301F-11D3-BF4B-00C04F79EFBC}") = "common", "common\common.csproj", "{744AB43F-A8F3-4D00-B5D2-5D0E81287BDB}"
EndProject
Project("{FAE04EC0-301F-11D3-BF4B-00C04F79EFBC}") = "zalfmas_capnpschemas", "..\..\zalfmas_capnpschemas\gen\csharp\zalfmas_capnpschemas.csproj", "{1580906A-DA25-4CED-B3D0-9DB8642779A3}"
EndProject
Project("{FAE04EC0-301F-11D3-BF4B-00C04F79EFBC}") = "Capnp.Net.Runtime", "..\..\..\capnproto-dotnetcore\Capnp.Net.Runtime\Capnp.Net.Runtime.csproj", "{0DFF11E7-C5A0-4E53-AC5B-1C3568179617}"
EndProject
Global
	GlobalSection(SolutionConfigurationPlatforms) = preSolution
		Debug|Any CPU = Debug|Any CPU
		Release|Any CPU = Release|Any CPU
	EndGlobalSection
	GlobalSection(ProjectConfigurationPlatforms) = postSolution
		{86D08776-D4D1-4D91-AB43-6EFF73945412}.Debug|Any CPU.ActiveCfg = Debug|Any CPU
		{86D08776-D4D1-4D91-AB43-6EFF73945412}.Debug|Any CPU.Build.0 = Debug|Any CPU
		{86D08776-D4D1-4D91-AB43-6EFF73945412}.Release|Any CPU.ActiveCfg = Release|Any CPU
		{86D08776-D4D1-4D91-AB43-6EFF73945412}.Release|Any CPU.Build.0 = Release|Any CPU
		{945434E2-DF2A-4683-90DD-BA5D4327F934}.Debug|Any CPU.ActiveCfg = Debug|Any CPU
		{945434E2-DF2A-4683-90DD-BA5D4327F934}.Debug|Any CPU.Build.0 = Debug|Any CPU
		{945434E2-DF2A-4683-90DD-BA5D4327F934}.Release|Any CPU.ActiveCfg = Release|Any CPU
		{945434E2-DF2A-4683-90DD-BA5D4327F934}.Release|Any CPU.Build.0 = Release|Any CPU
		{B721C058-94FB-4F18-B982-0C1D937D80CD}.Debug|Any CPU.ActiveCfg = Debug|Any CPU
		{B721C058-94FB-4F18-B982-0C1D937D80CD}.Debug|Any CPU.Build.0 = Debug|Any CPU
		{B721C058-94FB-4F18-B982-0C1D937D80CD}.Release|Any CPU.ActiveCfg = Release|Any CPU
		{B721C058-94FB-4F18-B982-0C1D937D80CD}.Release|Any CPU.Build.0 = Release|Any CPU
		{531C5E18-6FBF-464C-8695-C3266D36F56A}.Debug|Any CPU.ActiveCfg = Debug|Any CPU
		{531C5E18-6FBF-464C-8695-C3266D36F56A}.Debug|Any CPU.Build.0 = Debug|Any CPU
		{531C5E18-6FBF-464C-8695-C3266D36F56A}.Release|Any CPU.ActiveCfg = Release|Any CPU
		{531C5E18-6FBF-464C-8695-C3266D36F56A}.Release|Any CPU.Build.0 = Release|Any CPU
		{744AB43F-A8F3-4D00-B5D2-5D0E81287BDB}.Debug|Any CPU.ActiveCfg = Debug|Any CPU
		{744AB43F-A8F3-4D00-B5D2-5D0E81287BDB}.Debug|Any CPU.Build.0 = Debug|Any CPU
		{744AB43F-A8F3-4D00-B5D2-5D0E81287BDB}.Release|Any CPU.ActiveCfg = Release|Any CPU
		{744AB43F-A8F3-4D00-B5D2-5D0E81287BDB}.Release|Any CPU.Build.0 = Release|Any CPU
		{1580906A-DA25-4CED-B3D0-9DB8642779A3}.Debug|Any CPU.ActiveCfg = Debug|Any CPU
		{1580906A-DA25-4CED-B3D0-9DB8642779A3}.Debug|Any CPU.Build.0 = Debug|Any CPU
		{1580906A-DA25-4CED-B3D0-9DB8642779A3}.Release|Any CPU.ActiveCfg = Release|Any CPU
		{1580906A-DA25-4CED-B3D0-9DB8642779A3}.Release|Any CPU.Build.0 = Release|Any CPU
		{0DFF11E7-C5A0-4E53-AC5B-1C3568179617}.Debug|Any CPU.ActiveCfg = Debug|Any CPU
		{0DFF11E7-C5A0-4E53-AC5B-1C3568179617}.Debug|Any CPU.Build.0 = Debug|Any CPU
		{0DFF11E7-C5A0-4E53-AC5B-1C3568179617}.Release|Any CPU.ActiveCfg = Release|Any CPU
		{0DFF11E7-C5A0-4E53-AC5B-1C3568179617}.Release|Any CPU.Build.0 = Release|Any CPU
	EndGlobalSection
	GlobalSection(SolutionProperties) = preSolution
		HideSolutionNode = FALSE
	EndGlobalSection
	GlobalSection(NestedProjects) = preSolution
	EndGlobalSection
	GlobalSection(ExtensibilityGlobals) = postSolution
		SolutionGuid = {969540A2-8162-4063-A4E3-B488F69BD582}
	EndGlobalSection
EndGlobal
