
Microsoft Visual Studio Solution File, Format Version 12.00
# Visual Studio Version 16
VisualStudioVersion = 16.0.29215.179
MinimumVisualStudioVersion = 10.0.40219.1
Project("{9A19103F-16F7-4668-BE54-9A1E7A4F7556}") = "test", "tests\csharp\test.csproj", "{1E0BE54B-9849-4BE7-A10C-F5DB3127D3DF}"
	ProjectSection(ProjectDependencies) = postProject
		{EF76013B-D6B5-4272-98D2-98BB0FD7B03A} = {EF76013B-D6B5-4272-98D2-98BB0FD7B03A}
	EndProjectSection
EndProject
Project("{9A19103F-16F7-4668-BE54-9A1E7A4F7556}") = "capnproto_schemas_csharp", "capnproto_schemas\capnproto_schemas_csharp.csproj", "{EF76013B-D6B5-4272-98D2-98BB0FD7B03A}"
EndProject
Global
	GlobalSection(SolutionConfigurationPlatforms) = preSolution
		Debug|Any CPU = Debug|Any CPU
		Release|Any CPU = Release|Any CPU
	EndGlobalSection
	GlobalSection(ProjectConfigurationPlatforms) = postSolution
		{1E0BE54B-9849-4BE7-A10C-F5DB3127D3DF}.Debug|Any CPU.ActiveCfg = Debug|Any CPU
		{1E0BE54B-9849-4BE7-A10C-F5DB3127D3DF}.Debug|Any CPU.Build.0 = Debug|Any CPU
		{1E0BE54B-9849-4BE7-A10C-F5DB3127D3DF}.Release|Any CPU.ActiveCfg = Release|Any CPU
		{1E0BE54B-9849-4BE7-A10C-F5DB3127D3DF}.Release|Any CPU.Build.0 = Release|Any CPU
		{EF76013B-D6B5-4272-98D2-98BB0FD7B03A}.Debug|Any CPU.ActiveCfg = Debug|Any CPU
		{EF76013B-D6B5-4272-98D2-98BB0FD7B03A}.Debug|Any CPU.Build.0 = Debug|Any CPU
		{EF76013B-D6B5-4272-98D2-98BB0FD7B03A}.Release|Any CPU.ActiveCfg = Release|Any CPU
		{EF76013B-D6B5-4272-98D2-98BB0FD7B03A}.Release|Any CPU.Build.0 = Release|Any CPU
	EndGlobalSection
	GlobalSection(SolutionProperties) = preSolution
		HideSolutionNode = FALSE
	EndGlobalSection
	GlobalSection(ExtensibilityGlobals) = postSolution
		SolutionGuid = {B3F1216A-5981-441A-B513-B2BFD36710A9}
	EndGlobalSection
EndGlobal
