capnproto.org/go/capnp/v3 v3.0.0-alpha.25 h1:VfSMVPjhSJMe+SMtbaBgFS5a2BLo4W2HHhd5M2EivUI=
capnproto.org/go/capnp/v3 v3.0.0-alpha.25/go.mod h1:SazsSKIo0mjdwYyEMD8l65Tvg5pvm2kO1emuWa1+YB4=
github.com/batchatco/go-native-netcdf v0.0.0-20230103061018-5849c1f424b1 h1:zmhMBDQci7mawn7nC+YMKpinHFBeYcOm0nI9qNcks4w=
github.com/batchatco/go-native-netcdf v0.0.0-20230103061018-5849c1f424b1/go.mod h1:Eod1YI+B5CGpJDoAa+vRuhHZapFhetx6vlsMYD23g8c=
github.com/batchatco/go-thrower v0.0.0-20200827035905-5cb7337f6be6 h1:gDf4IUqKDnH7F0XdgeYOBx2jlMKF/j9Xm42sISXpwqY=
github.com/batchatco/go-thrower v0.0.0-20200827035905-5cb7337f6be6/go.mod h1:hJ9Ll7FOzcIr57sd7RHga7StcCVAL0vFBUsNpnGntNg=
github.com/davecgh/go-spew v1.1.0 h1:ZDRjVQ15GmhC3fiQ8ni8+OwkZQO4DARzQgrnXU1Liz8=
github.com/google/go-cmp v0.5.9 h1:O2Tfq5qg4qc4AmwVlvv0oLiVAGB7enBSJ2x2DqQFi38=
github.com/google/go-cmp v0.5.9/go.mod h1:17dUlkBOakJ0+DkrSSNjCkIjxS6bF9zb3elmeNGIjoY=
github.com/google/uuid v1.3.0 h1:t6JiXgmwXMjEs8VusXIJk2BXHsn+wx8BZdTaoZ5fu7I=
github.com/google/uuid v1.3.0/go.mod h1:TIyPZe4MgqvfeYDBFedMoGGpEw/LqOeaOT+nhxU+yHo=
github.com/philhofer/fwd v1.1.1 h1:GdGcTjf5RNAxwS4QLsiMzJYj5KEvPJD3Abr261yRQXQ=
github.com/pmezard/go-difflib v1.0.0 h1:4DBwDE0NGyQoBHbLQYPwSUPoCMWR5BEzIk/f1lZbAQM=
github.com/stretchr/testify v1.7.0 h1:nwc3DEeHmmLAfoZucVR881uASk0Mfjw8xYJ99tb5CcY=
github.com/tinylib/msgp v1.1.5 h1:2gXmtWueD2HefZHQe1QOy9HVzmFrLOVvsXwXBQ0ayy0=
github.com/zalf-rpm/mas-infrastructure/capnproto_schemas/gen/go/common v0.0.0-20230301145915-7fca44b89d25 h1:Ogoq8Qs2JFX3smMKKT5aon8AWhhSp7VcRAbHcaOf5m4=
github.com/zalf-rpm/mas-infrastructure/capnproto_schemas/gen/go/common v0.0.0-20230301145915-7fca44b89d25/go.mod h1:jPQ8DMLT56RYktvKcbIWTOmYqIrvLrFuXXne0l9jmK4=
github.com/zalf-rpm/mas-infrastructure/capnproto_schemas/gen/go/geo v0.0.0-20230208160538-deb034d36602 h1:pDcLju8OVQSYMcmteCVDcr7lIxY5M9ZIw+fi7VHMf3E=
github.com/zalf-rpm/mas-infrastructure/capnproto_schemas/gen/go/geo v0.0.0-20230208160538-deb034d36602/go.mod h1:GeZyqGhRI3wr3ufVIgZMbTfZX7HAMLbvYnHX7iz1EAM=
github.com/zalf-rpm/mas-infrastructure/capnproto_schemas/gen/go/grid v0.0.0-20230324104523-84603c6779f4 h1:V88SR4Bx9BUnmCchHol/rLNDBNbO+EnGP+e5olNe1AE=
github.com/zalf-rpm/mas-infrastructure/capnproto_schemas/gen/go/grid v0.0.0-20230324104523-84603c6779f4/go.mod h1:4qzcPP7S9DfNzHp6u6hRU7BA+/h50oCq1SOn3Hzu8Yk=
github.com/zalf-rpm/mas-infrastructure/capnproto_schemas/gen/go/persistence v0.0.0-20230324104523-84603c6779f4 h1:j77xdSJfj6Mxxz2SmOr1TvYO4qvyUFfhOHwbiEhDdmQ=
github.com/zalf-rpm/mas-infrastructure/capnproto_schemas/gen/go/persistence v0.0.0-20230324104523-84603c6779f4/go.mod h1:8jUm+l+Cufg7xOeoBFRMW3VmAVQu1WDpRFxjh9DuHSU=
github.com/zalf-rpm/mas-infrastructure/src/go/commonlib v0.0.0-20230324104523-84603c6779f4 h1:Dxr01g7utb2IpMXKlwLuwNGWzM4F6+n7b9BIYaTI42U=
github.com/zalf-rpm/mas-infrastructure/src/go/commonlib v0.0.0-20230324104523-84603c6779f4/go.mod h1:uoItNwOznnNJCOaIM1OVbaoBFIgE6GX6+tYXiq5jRvc=
golang.org/x/crypto v0.6.0 h1:qfktjS5LUO+fFKeJXZ+ikTRijMmljikvG68fpMMruSc=
golang.org/x/crypto v0.6.0/go.mod h1:OFC/31mSvZgRz0V1QTNCzfAI1aIRzbiufJtkMIlEp58=
golang.org/x/sync v0.0.0-20201020160332-67f06af15bc9 h1:SQFwaSi55rU7vdNs9Yr0Z324VNlrF+0wMqRXT4St8ck=
golang.org/x/sync v0.0.0-20201020160332-67f06af15bc9/go.mod h1:RxMgew5VJxzue5/jJTE5uejpjVlOe/izrB70Jof72aM=
gopkg.in/yaml.v3 v3.0.0-20200313102051-9f266ea9e77c h1:dUUwHk2QECo/6vqA44rthZ8ie2QXMNeKRTHCNY2nXvo=
zenhack.net/go/util v0.0.0-20230218002511-744d2d6d1739 h1:/QnbZBURrZUFvnxB4wDyRrPsWzh2KWbJ6AjUjohCHJ8=
zenhack.net/go/util v0.0.0-20230218002511-744d2d6d1739/go.mod h1:0lafdGg7tDb7RcXASgmJmRbLFLkAxu328+KGIs7icDE=
