capnproto.org/go/capnp/v3 v3.0.1-alpha.2 h1:W/cf+XEArUSwcBBE/9wS2NpWDkM5NLQOjmzEiHZpYi0=
capnproto.org/go/capnp/v3 v3.0.1-alpha.2/go.mod h1:2vT5D2dtG8sJGEoEKU17e+j7shdaYp1Myl8X03B3hmc=
github.com/batchatco/go-native-netcdf v0.0.0-20230103061018-5849c1f424b1 h1:zmhMBDQci7mawn7nC+YMKpinHFBeYcOm0nI9qNcks4w=
github.com/batchatco/go-native-netcdf v0.0.0-20230103061018-5849c1f424b1/go.mod h1:Eod1YI+B5CGpJDoAa+vRuhHZapFhetx6vlsMYD23g8c=
github.com/batchatco/go-thrower v0.0.0-20200827035905-5cb7337f6be6 h1:gDf4IUqKDnH7F0XdgeYOBx2jlMKF/j9Xm42sISXpwqY=
github.com/batchatco/go-thrower v0.0.0-20200827035905-5cb7337f6be6/go.mod h1:hJ9Ll7FOzcIr57sd7RHga7StcCVAL0vFBUsNpnGntNg=
github.com/colega/zeropool v0.0.0-20230505084239-6fb4a4f75381 h1:d5EKgQfRQvO97jnISfR89AiCCCJMwMFoSxUiU0OGCRU=
github.com/colega/zeropool v0.0.0-20230505084239-6fb4a4f75381/go.mod h1:OU76gHeRo8xrzGJU3F3I1CqX1ekM8dfJw0+wPeMwnp0=
github.com/davecgh/go-spew v1.1.1 h1:vj9j/u1bqnvCEfJOwUhtlOARqs3+rkHYY13jYWTU97c=
github.com/davecgh/go-spew v1.1.1/go.mod h1:J7Y8YcW2NihsgmVo/mv3lAwl/skON4iLHjSsI+c5H38=
github.com/google/go-cmp v0.5.9 h1:O2Tfq5qg4qc4AmwVlvv0oLiVAGB7enBSJ2x2DqQFi38=
github.com/google/go-cmp v0.5.9/go.mod h1:17dUlkBOakJ0+DkrSSNjCkIjxS6bF9zb3elmeNGIjoY=
github.com/google/uuid v1.3.0 h1:t6JiXgmwXMjEs8VusXIJk2BXHsn+wx8BZdTaoZ5fu7I=
github.com/google/uuid v1.3.0/go.mod h1:TIyPZe4MgqvfeYDBFedMoGGpEw/LqOeaOT+nhxU+yHo=
github.com/pelletier/go-toml v1.9.5 h1:4yBQzkHv+7BHq2PQUZF3Mx0IYxG7LsP222s7Agd3ve8=
github.com/pelletier/go-toml v1.9.5/go.mod h1:u1nR/EPcESfeI/szUZKdtJ0xRNbUoANCkoOuaOx1Y+c=
github.com/philhofer/fwd v1.1.2 h1:bnDivRJ1EWPjUIRXV5KfORO897HTbpFAQddBdE8t7Gw=
github.com/pmezard/go-difflib v1.0.0 h1:4DBwDE0NGyQoBHbLQYPwSUPoCMWR5BEzIk/f1lZbAQM=
github.com/pmezard/go-difflib v1.0.0/go.mod h1:iKH77koFhYxTK1pcRnkKkqfTogsbg7gZNVY4sRDYZ/4=
github.com/stretchr/testify v1.9.0 h1:HtqpIVDClZ4nwg75+f6Lvsy/wHu+3BoSGCbBAcpTsTg=
github.com/stretchr/testify v1.9.0/go.mod h1:r2ic/lqez/lEtzL7wO/rwa5dbSLXVDPFyf8C91i36aY=
github.com/tinylib/msgp v1.1.9 h1:SHf3yoO2sGA0veCJeCBYLHuttAVFHGm2RHgNodW7wQU=
github.com/tj/assert v0.0.3 h1:Df/BlaZ20mq6kuai7f5z2TvPFiwC3xaWJSDQNiIS3Rk=
github.com/zalf-rpm/mas-infrastructure/capnproto_schemas/gen/go/common v0.0.0-20230412105359-2d45c32db41e h1:ISYIKPllUqI1VJHTzs7rfm2TviFCxgZlxoiw/4SsYdk=
github.com/zalf-rpm/mas-infrastructure/capnproto_schemas/gen/go/common v0.0.0-20230412105359-2d45c32db41e/go.mod h1:jPQ8DMLT56RYktvKcbIWTOmYqIrvLrFuXXne0l9jmK4=
github.com/zalf-rpm/mas-infrastructure/capnproto_schemas/gen/go/geo v0.0.0-20230208160538-deb034d36602 h1:pDcLju8OVQSYMcmteCVDcr7lIxY5M9ZIw+fi7VHMf3E=
github.com/zalf-rpm/mas-infrastructure/capnproto_schemas/gen/go/geo v0.0.0-20230208160538-deb034d36602/go.mod h1:GeZyqGhRI3wr3ufVIgZMbTfZX7HAMLbvYnHX7iz1EAM=
github.com/zalf-rpm/mas-infrastructure/capnproto_schemas/gen/go/grid v0.0.0-20230713163933-4c7223175aeb h1:m1L6uO9z0y6E6UBbP3KoAti+IMcGUJmstr4nWO/fSSs=
github.com/zalf-rpm/mas-infrastructure/capnproto_schemas/gen/go/grid v0.0.0-20230713163933-4c7223175aeb/go.mod h1:27K908s8F7bUGX7diMeHsC6q5j+Cxd/JossUpFA1Cvk=
github.com/zalf-rpm/mas-infrastructure/capnproto_schemas/gen/go/persistence v0.0.0-20230324104523-84603c6779f4 h1:j77xdSJfj6Mxxz2SmOr1TvYO4qvyUFfhOHwbiEhDdmQ=
github.com/zalf-rpm/mas-infrastructure/capnproto_schemas/gen/go/persistence v0.0.0-20230324104523-84603c6779f4/go.mod h1:8jUm+l+Cufg7xOeoBFRMW3VmAVQu1WDpRFxjh9DuHSU=
golang.org/x/crypto v0.6.0 h1:qfktjS5LUO+fFKeJXZ+ikTRijMmljikvG68fpMMruSc=
golang.org/x/crypto v0.6.0/go.mod h1:OFC/31mSvZgRz0V1QTNCzfAI1aIRzbiufJtkMIlEp58=
golang.org/x/exp v0.0.0-20240604190554-fc45aab8b7f8 h1:LoYXNGAShUG3m/ehNk4iFctuhGX/+R1ZpfJ4/ia80JM=
golang.org/x/sync v0.8.0 h1:3NFvSEYkUoMifnESzZl15y791HH1qU2xm6eCJU5ZPXQ=
golang.org/x/sync v0.8.0/go.mod h1:Czt+wKu1gCyEFDUtn0jG5QVvpJ6rzVqr5aXyt9drQfk=
gonum.org/v1/gonum v0.12.0 h1:xKuo6hzt+gMav00meVPUlXwSdoEJP46BR+wdxQEFK2o=
gonum.org/v1/gonum v0.12.0/go.mod h1:73TDxJfAAHeA8Mk9mf8NlIppyhQNo5GLTcYeqgo2lvY=
gopkg.in/check.v1 v0.0.0-20161208181325-20d25e280405 h1:yhCVgyC4o1eVCa2tZl7eS0r+SDo693bJlVdllGtEeKM=
gopkg.in/check.v1 v0.0.0-20161208181325-20d25e280405/go.mod h1:Co6ibVJAznAaIkqp8huTwlJQCZ016jof/cbN4VW5Yz0=
gopkg.in/yaml.v3 v3.0.1 h1:fxVm/GzAzEWqLHuvctI91KS9hhNmmWOoWu0XTYJS7CA=
gopkg.in/yaml.v3 v3.0.1/go.mod h1:K4uyk7z7BCEPqu6E+C64Yfv1cQ7kz7rIZviUmN+EgEM=
