capnproto.org/go/capnp/v3 v3.0.1-alpha.2 h1:W/cf+XEArUSwcBBE/9wS2NpWDkM5NLQOjmzEiHZpYi0=
capnproto.org/go/capnp/v3 v3.0.1-alpha.2/go.mod h1:2vT5D2dtG8sJGEoEKU17e+j7shdaYp1Myl8X03B3hmc=
github.com/colega/zeropool v0.0.0-20230505084239-6fb4a4f75381 h1:d5EKgQfRQvO97jnISfR89AiCCCJMwMFoSxUiU0OGCRU=
github.com/colega/zeropool v0.0.0-20230505084239-6fb4a4f75381/go.mod h1:OU76gHeRo8xrzGJU3F3I1CqX1ekM8dfJw0+wPeMwnp0=
github.com/davecgh/go-spew v1.1.1 h1:vj9j/u1bqnvCEfJOwUhtlOARqs3+rkHYY13jYWTU97c=
github.com/google/uuid v1.3.0 h1:t6JiXgmwXMjEs8VusXIJk2BXHsn+wx8BZdTaoZ5fu7I=
github.com/google/uuid v1.3.0/go.mod h1:TIyPZe4MgqvfeYDBFedMoGGpEw/LqOeaOT+nhxU+yHo=
github.com/lucasb-eyer/go-colorful v1.2.0 h1:1nnpGOrhyZZuNyfu1QjKiUICQ74+3FNCN69Aj6K7nkY=
github.com/lucasb-eyer/go-colorful v1.2.0/go.mod h1:R4dSotOR9KMtayYi1e77YzuveK+i7ruzyGqttikkLy0=
github.com/mazznoer/colorgrad v0.9.1 h1:MB80JYVndKWSMEM1beNqnuOowWGhoQc3DXWXkFp6JlM=
github.com/mazznoer/colorgrad v0.9.1/go.mod h1:WX2R9wt9B47+txJZVVpM9LY+LAGIdi4lTI5wIyreDH4=
github.com/mazznoer/csscolorparser v0.1.2 h1:/UBHuQg792ePmGFzTQAC9u+XbFr7/HzP/Gj70Phyz2A=
github.com/mazznoer/csscolorparser v0.1.2/go.mod h1:Aj22+L/rYN/Y6bj3bYqO3N6g1dtdHtGfQ32xZ5PJQic=
github.com/philhofer/fwd v1.1.2 h1:bnDivRJ1EWPjUIRXV5KfORO897HTbpFAQddBdE8t7Gw=
github.com/pmezard/go-difflib v1.0.0 h1:4DBwDE0NGyQoBHbLQYPwSUPoCMWR5BEzIk/f1lZbAQM=
github.com/stretchr/testify v1.9.0 h1:HtqpIVDClZ4nwg75+f6Lvsy/wHu+3BoSGCbBAcpTsTg=
github.com/tinylib/msgp v1.1.9 h1:SHf3yoO2sGA0veCJeCBYLHuttAVFHGm2RHgNodW7wQU=
github.com/tj/assert v0.0.3 h1:Df/BlaZ20mq6kuai7f5z2TvPFiwC3xaWJSDQNiIS3Rk=
github.com/zalf-rpm/mas-infrastructure/capnproto_schemas/gen/go/common v0.0.0-20230301145915-7fca44b89d25 h1:Ogoq8Qs2JFX3smMKKT5aon8AWhhSp7VcRAbHcaOf5m4=
github.com/zalf-rpm/mas-infrastructure/capnproto_schemas/gen/go/common v0.0.0-20230301145915-7fca44b89d25/go.mod h1:jPQ8DMLT56RYktvKcbIWTOmYqIrvLrFuXXne0l9jmK4=
github.com/zalf-rpm/mas-infrastructure/capnproto_schemas/gen/go/geo v0.0.0-20230208160538-deb034d36602 h1:pDcLju8OVQSYMcmteCVDcr7lIxY5M9ZIw+fi7VHMf3E=
github.com/zalf-rpm/mas-infrastructure/capnproto_schemas/gen/go/geo v0.0.0-20230208160538-deb034d36602/go.mod h1:GeZyqGhRI3wr3ufVIgZMbTfZX7HAMLbvYnHX7iz1EAM=
github.com/zalf-rpm/mas-infrastructure/capnproto_schemas/gen/go/grid v0.0.0-20230524165149-d3911264967f h1:H8PERDiBWnLBCTABcCf99PYkb4FUwTqmheTfL6Yc5sU=
github.com/zalf-rpm/mas-infrastructure/capnproto_schemas/gen/go/grid v0.0.0-20230524165149-d3911264967f/go.mod h1:Ogua8V/jyLg6UPCGstajo/GC5cKhqZVVb0I3mce6h74=
github.com/zalf-rpm/mas-infrastructure/capnproto_schemas/gen/go/persistence v0.0.0-20230301145915-7fca44b89d25 h1:1qn0eMJPdcuB/q5LtwN43hZQK/d9DXuKkXHUJi1xDWE=
github.com/zalf-rpm/mas-infrastructure/capnproto_schemas/gen/go/persistence v0.0.0-20230301145915-7fca44b89d25/go.mod h1:8jUm+l+Cufg7xOeoBFRMW3VmAVQu1WDpRFxjh9DuHSU=
github.com/zalf-rpm/mas-infrastructure/src/go/commonlib v0.0.0-20230524165149-d3911264967f h1:MUsBaWFq/wjgAps12CxZc3fo4IQXvltHANKrVghbDEw=
github.com/zalf-rpm/mas-infrastructure/src/go/commonlib v0.0.0-20230524165149-d3911264967f/go.mod h1:yYhNkFGfKWRUAj6LvB9pIUfh6EiRFHjnsqkqs5ekDc0=
golang.org/x/crypto v0.6.0 h1:qfktjS5LUO+fFKeJXZ+ikTRijMmljikvG68fpMMruSc=
golang.org/x/crypto v0.6.0/go.mod h1:OFC/31mSvZgRz0V1QTNCzfAI1aIRzbiufJtkMIlEp58=
golang.org/x/sync v0.8.0 h1:3NFvSEYkUoMifnESzZl15y791HH1qU2xm6eCJU5ZPXQ=
golang.org/x/sync v0.8.0/go.mod h1:Czt+wKu1gCyEFDUtn0jG5QVvpJ6rzVqr5aXyt9drQfk=
gopkg.in/yaml.v3 v3.0.1 h1:fxVm/GzAzEWqLHuvctI91KS9hhNmmWOoWu0XTYJS7CA=
