
Microsoft Visual Studio Solution File, Format Version 12.00
# Visual Studio Version 16
VisualStudioVersion = 16.0.29215.179
MinimumVisualStudioVersion = 10.0.40219.1
Project("{9A19103F-16F7-4668-BE54-9A1E7A4F7556}") = "access_climate_data_service", "access_climate_data_service\access_climate_data_service.csproj", "{EFA48B82-886C-410C-93E1-1E25389887DB}"
EndProject
Project("{9A19103F-16F7-4668-BE54-9A1E7A4F7556}") = "BlazorApp1", "BlazorApp1\BlazorApp1.csproj", "{43ED4332-AB31-4F6F-856B-A4CF3607EE6C}"
EndProject
Global
	GlobalSection(SolutionConfigurationPlatforms) = preSolution
		Debug|Any CPU = Debug|Any CPU
		Release|Any CPU = Release|Any CPU
	EndGlobalSection
	GlobalSection(ProjectConfigurationPlatforms) = postSolution
		{EFA48B82-886C-410C-93E1-1E25389887DB}.Debug|Any CPU.ActiveCfg = Debug|Any CPU
		{EFA48B82-886C-410C-93E1-1E25389887DB}.Debug|Any CPU.Build.0 = Debug|Any CPU
		{EFA48B82-886C-410C-93E1-1E25389887DB}.Release|Any CPU.ActiveCfg = Release|Any CPU
		{EFA48B82-886C-410C-93E1-1E25389887DB}.Release|Any CPU.Build.0 = Release|Any CPU
		{43ED4332-AB31-4F6F-856B-A4CF3607EE6C}.Debug|Any CPU.ActiveCfg = Debug|Any CPU
		{43ED4332-AB31-4F6F-856B-A4CF3607EE6C}.Debug|Any CPU.Build.0 = Debug|Any CPU
		{43ED4332-AB31-4F6F-856B-A4CF3607EE6C}.Release|Any CPU.ActiveCfg = Release|Any CPU
		{43ED4332-AB31-4F6F-856B-A4CF3607EE6C}.Release|Any CPU.Build.0 = Release|Any CPU
	EndGlobalSection
	GlobalSection(SolutionProperties) = preSolution
		HideSolutionNode = FALSE
	EndGlobalSection
	GlobalSection(ExtensibilityGlobals) = postSolution
		SolutionGuid = {B3F1216A-5981-441A-B513-B2BFD36710A9}
	EndGlobalSection
EndGlobal
